
Microsoft Visual Studio Solution File, Format Version 12.00
# Visual Studio Version 17
VisualStudioVersion = 17.5.33530.505
MinimumVisualStudioVersion = 10.0.40219.1
Project("{FAE04EC0-301F-11D3-BF4B-00C04F79EFBC}") = "ResumeProject", "ResumeProject\ResumeProject.csproj", "{AAE7A090-6EB5-49CF-82B3-BE1D320BA2AE}"
EndProject
Global
	GlobalSection(SolutionConfigurationPlatforms) = preSolution
		Debug|Any CPU = Debug|Any CPU
		Release|Any CPU = Release|Any CPU
	EndGlobalSection
	GlobalSection(ProjectConfigurationPlatforms) = postSolution
		{AAE7A090-6EB5-49CF-82B3-BE1D320BA2AE}.Debug|Any CPU.ActiveCfg = Debug|Any CPU
		{AAE7A090-6EB5-49CF-82B3-BE1D320BA2AE}.Debug|Any CPU.Build.0 = Debug|Any CPU
		{AAE7A090-6EB5-49CF-82B3-BE1D320BA2AE}.Release|Any CPU.ActiveCfg = Release|Any CPU
		{AAE7A090-6EB5-49CF-82B3-BE1D320BA2AE}.Release|Any CPU.Build.0 = Release|Any CPU
	EndGlobalSection
	GlobalSection(SolutionProperties) = preSolution
		HideSolutionNode = FALSE
	EndGlobalSection
	GlobalSection(ExtensibilityGlobals) = postSolution
		SolutionGuid = {DC77AA44-BB8B-4275-BCE5-18C93ADADA60}
	EndGlobalSection
EndGlobal
